
Microsoft Visual Studio Solution File, Format Version 12.00
# Visual Studio 15
VisualStudioVersion = 15.0.28307.421
MinimumVisualStudioVersion = 10.0.40219.1
Project("{FAE04EC0-301F-11D3-BF4B-00C04F79EFBC}") = "PurchaseApp.Android", "PurchaseApp\PurchaseApp.Android\PurchaseApp.Android.csproj", "{817D05F4-435D-4269-AD63-0819B3FB2092}"
EndProject
Project("{FAE04EC0-301F-11D3-BF4B-00C04F79EFBC}") = "PurchaseApp.iOS", "PurchaseApp\PurchaseApp.iOS\PurchaseApp.iOS.csproj", "{9EC28E7F-1808-452A-9370-F7E164F7A4B0}"
EndProject
Project("{FAE04EC0-301F-11D3-BF4B-00C04F79EFBC}") = "PurchaseApp", "PurchaseApp\PurchaseApp\PurchaseApp.csproj", "{BCDCF8BE-B38D-43E5-B996-ECD6CED7F27B}"
EndProject
Global
	GlobalSection(SolutionConfigurationPlatforms) = preSolution
		Ad-Hoc|Any CPU = Ad-Hoc|Any CPU
		Ad-Hoc|iPhone = Ad-Hoc|iPhone
		Ad-Hoc|iPhoneSimulator = Ad-Hoc|iPhoneSimulator
		AppStore|Any CPU = AppStore|Any CPU
		AppStore|iPhone = AppStore|iPhone
		AppStore|iPhoneSimulator = AppStore|iPhoneSimulator
		Debug|Any CPU = Debug|Any CPU
		Debug|iPhone = Debug|iPhone
		Debug|iPhoneSimulator = Debug|iPhoneSimulator
		Release|Any CPU = Release|Any CPU
		Release|iPhone = Release|iPhone
		Release|iPhoneSimulator = Release|iPhoneSimulator
	EndGlobalSection
	GlobalSection(ProjectConfigurationPlatforms) = postSolution
		{817D05F4-435D-4269-AD63-0819B3FB2092}.Ad-Hoc|Any CPU.ActiveCfg = Release|Any CPU
		{817D05F4-435D-4269-AD63-0819B3FB2092}.Ad-Hoc|Any CPU.Build.0 = Release|Any CPU
		{817D05F4-435D-4269-AD63-0819B3FB2092}.Ad-Hoc|Any CPU.Deploy.0 = Release|Any CPU
		{817D05F4-435D-4269-AD63-0819B3FB2092}.Ad-Hoc|iPhone.ActiveCfg = Release|Any CPU
		{817D05F4-435D-4269-AD63-0819B3FB2092}.Ad-Hoc|iPhone.Build.0 = Release|Any CPU
		{817D05F4-435D-4269-AD63-0819B3FB2092}.Ad-Hoc|iPhone.Deploy.0 = Release|Any CPU
		{817D05F4-435D-4269-AD63-0819B3FB2092}.Ad-Hoc|iPhoneSimulator.ActiveCfg = Release|Any CPU
		{817D05F4-435D-4269-AD63-0819B3FB2092}.Ad-Hoc|iPhoneSimulator.Build.0 = Release|Any CPU
		{817D05F4-435D-4269-AD63-0819B3FB2092}.Ad-Hoc|iPhoneSimulator.Deploy.0 = Release|Any CPU
		{817D05F4-435D-4269-AD63-0819B3FB2092}.AppStore|Any CPU.ActiveCfg = Release|Any CPU
		{817D05F4-435D-4269-AD63-0819B3FB2092}.AppStore|Any CPU.Build.0 = Release|Any CPU
		{817D05F4-435D-4269-AD63-0819B3FB2092}.AppStore|Any CPU.Deploy.0 = Release|Any CPU
		{817D05F4-435D-4269-AD63-0819B3FB2092}.AppStore|iPhone.ActiveCfg = Release|Any CPU
		{817D05F4-435D-4269-AD63-0819B3FB2092}.AppStore|iPhone.Build.0 = Release|Any CPU
		{817D05F4-435D-4269-AD63-0819B3FB2092}.AppStore|iPhone.Deploy.0 = Release|Any CPU
		{817D05F4-435D-4269-AD63-0819B3FB2092}.AppStore|iPhoneSimulator.ActiveCfg = Release|Any CPU
		{817D05F4-435D-4269-AD63-0819B3FB2092}.AppStore|iPhoneSimulator.Build.0 = Release|Any CPU
		{817D05F4-435D-4269-AD63-0819B3FB2092}.AppStore|iPhoneSimulator.Deploy.0 = Release|Any CPU
		{817D05F4-435D-4269-AD63-0819B3FB2092}.Debug|Any CPU.ActiveCfg = Debug|Any CPU
		{817D05F4-435D-4269-AD63-0819B3FB2092}.Debug|Any CPU.Build.0 = Debug|Any CPU
		{817D05F4-435D-4269-AD63-0819B3FB2092}.Debug|Any CPU.Deploy.0 = Debug|Any CPU
		{817D05F4-435D-4269-AD63-0819B3FB2092}.Debug|iPhone.ActiveCfg = Debug|Any CPU
		{817D05F4-435D-4269-AD63-0819B3FB2092}.Debug|iPhone.Build.0 = Debug|Any CPU
		{817D05F4-435D-4269-AD63-0819B3FB2092}.Debug|iPhone.Deploy.0 = Debug|Any CPU
		{817D05F4-435D-4269-AD63-0819B3FB2092}.Debug|iPhoneSimulator.ActiveCfg = Debug|Any CPU
		{817D05F4-435D-4269-AD63-0819B3FB2092}.Debug|iPhoneSimulator.Build.0 = Debug|Any CPU
		{817D05F4-435D-4269-AD63-0819B3FB2092}.Debug|iPhoneSimulator.Deploy.0 = Debug|Any CPU
		{817D05F4-435D-4269-AD63-0819B3FB2092}.Release|Any CPU.ActiveCfg = Release|Any CPU
		{817D05F4-435D-4269-AD63-0819B3FB2092}.Release|Any CPU.Build.0 = Release|Any CPU
		{817D05F4-435D-4269-AD63-0819B3FB2092}.Release|Any CPU.Deploy.0 = Release|Any CPU
		{817D05F4-435D-4269-AD63-0819B3FB2092}.Release|iPhone.ActiveCfg = Release|Any CPU
		{817D05F4-435D-4269-AD63-0819B3FB2092}.Release|iPhone.Build.0 = Release|Any CPU
		{817D05F4-435D-4269-AD63-0819B3FB2092}.Release|iPhone.Deploy.0 = Release|Any CPU
		{817D05F4-435D-4269-AD63-0819B3FB2092}.Release|iPhoneSimulator.ActiveCfg = Release|Any CPU
		{817D05F4-435D-4269-AD63-0819B3FB2092}.Release|iPhoneSimulator.Build.0 = Release|Any CPU
		{817D05F4-435D-4269-AD63-0819B3FB2092}.Release|iPhoneSimulator.Deploy.0 = Release|Any CPU
		{9EC28E7F-1808-452A-9370-F7E164F7A4B0}.Ad-Hoc|Any CPU.ActiveCfg = Ad-Hoc|iPhone
		{9EC28E7F-1808-452A-9370-F7E164F7A4B0}.Ad-Hoc|Any CPU.Build.0 = Ad-Hoc|iPhone
		{9EC28E7F-1808-452A-9370-F7E164F7A4B0}.Ad-Hoc|Any CPU.Deploy.0 = Ad-Hoc|iPhone
		{9EC28E7F-1808-452A-9370-F7E164F7A4B0}.Ad-Hoc|iPhone.ActiveCfg = Ad-Hoc|iPhone
		{9EC28E7F-1808-452A-9370-F7E164F7A4B0}.Ad-Hoc|iPhone.Build.0 = Ad-Hoc|iPhone
		{9EC28E7F-1808-452A-9370-F7E164F7A4B0}.Ad-Hoc|iPhone.Deploy.0 = Ad-Hoc|iPhone
		{9EC28E7F-1808-452A-9370-F7E164F7A4B0}.Ad-Hoc|iPhoneSimulator.ActiveCfg = Ad-Hoc|iPhoneSimulator
		{9EC28E7F-1808-452A-9370-F7E164F7A4B0}.Ad-Hoc|iPhoneSimulator.Build.0 = Ad-Hoc|iPhoneSimulator
		{9EC28E7F-1808-452A-9370-F7E164F7A4B0}.Ad-Hoc|iPhoneSimulator.Deploy.0 = Ad-Hoc|iPhoneSimulator
		{9EC28E7F-1808-452A-9370-F7E164F7A4B0}.AppStore|Any CPU.ActiveCfg = AppStore|iPhone
		{9EC28E7F-1808-452A-9370-F7E164F7A4B0}.AppStore|Any CPU.Build.0 = AppStore|iPhone
		{9EC28E7F-1808-452A-9370-F7E164F7A4B0}.AppStore|Any CPU.Deploy.0 = AppStore|iPhone
		{9EC28E7F-1808-452A-9370-F7E164F7A4B0}.AppStore|iPhone.ActiveCfg = AppStore|iPhone
		{9EC28E7F-1808-452A-9370-F7E164F7A4B0}.AppStore|iPhone.Build.0 = AppStore|iPhone
		{9EC28E7F-1808-452A-9370-F7E164F7A4B0}.AppStore|iPhone.Deploy.0 = AppStore|iPhone
		{9EC28E7F-1808-452A-9370-F7E164F7A4B0}.AppStore|iPhoneSimulator.ActiveCfg = AppStore|iPhoneSimulator
		{9EC28E7F-1808-452A-9370-F7E164F7A4B0}.AppStore|iPhoneSimulator.Build.0 = AppStore|iPhoneSimulator
		{9EC28E7F-1808-452A-9370-F7E164F7A4B0}.AppStore|iPhoneSimulator.Deploy.0 = AppStore|iPhoneSimulator
		{9EC28E7F-1808-452A-9370-F7E164F7A4B0}.Debug|Any CPU.ActiveCfg = Debug|iPhoneSimulator
		{9EC28E7F-1808-452A-9370-F7E164F7A4B0}.Debug|Any CPU.Build.0 = Debug|iPhoneSimulator
		{9EC28E7F-1808-452A-9370-F7E164F7A4B0}.Debug|Any CPU.Deploy.0 = Debug|iPhoneSimulator
		{9EC28E7F-1808-452A-9370-F7E164F7A4B0}.Debug|iPhone.ActiveCfg = Debug|iPhone
		{9EC28E7F-1808-452A-9370-F7E164F7A4B0}.Debug|iPhone.Build.0 = Debug|iPhone
		{9EC28E7F-1808-452A-9370-F7E164F7A4B0}.Debug|iPhone.Deploy.0 = Debug|iPhone
		{9EC28E7F-1808-452A-9370-F7E164F7A4B0}.Debug|iPhoneSimulator.ActiveCfg = Debug|iPhoneSimulator
		{9EC28E7F-1808-452A-9370-F7E164F7A4B0}.Debug|iPhoneSimulator.Build.0 = Debug|iPhoneSimulator
		{9EC28E7F-1808-452A-9370-F7E164F7A4B0}.Debug|iPhoneSimulator.Deploy.0 = Debug|iPhoneSimulator
		{9EC28E7F-1808-452A-9370-F7E164F7A4B0}.Release|Any CPU.ActiveCfg = Release|iPhone
		{9EC28E7F-1808-452A-9370-F7E164F7A4B0}.Release|Any CPU.Build.0 = Release|iPhone
		{9EC28E7F-1808-452A-9370-F7E164F7A4B0}.Release|Any CPU.Deploy.0 = Release|iPhone
		{9EC28E7F-1808-452A-9370-F7E164F7A4B0}.Release|iPhone.ActiveCfg = Release|iPhone
		{9EC28E7F-1808-452A-9370-F7E164F7A4B0}.Release|iPhone.Build.0 = Release|iPhone
		{9EC28E7F-1808-452A-9370-F7E164F7A4B0}.Release|iPhone.Deploy.0 = Release|iPhone
		{9EC28E7F-1808-452A-9370-F7E164F7A4B0}.Release|iPhoneSimulator.ActiveCfg = Release|iPhoneSimulator
		{9EC28E7F-1808-452A-9370-F7E164F7A4B0}.Release|iPhoneSimulator.Build.0 = Release|iPhoneSimulator
		{9EC28E7F-1808-452A-9370-F7E164F7A4B0}.Release|iPhoneSimulator.Deploy.0 = Release|iPhoneSimulator
		{BCDCF8BE-B38D-43E5-B996-ECD6CED7F27B}.Ad-Hoc|Any CPU.ActiveCfg = Debug|Any CPU
		{BCDCF8BE-B38D-43E5-B996-ECD6CED7F27B}.Ad-Hoc|Any CPU.Build.0 = Debug|Any CPU
		{BCDCF8BE-B38D-43E5-B996-ECD6CED7F27B}.Ad-Hoc|Any CPU.Deploy.0 = Debug|Any CPU
		{BCDCF8BE-B38D-43E5-B996-ECD6CED7F27B}.Ad-Hoc|iPhone.ActiveCfg = Debug|Any CPU
		{BCDCF8BE-B38D-43E5-B996-ECD6CED7F27B}.Ad-Hoc|iPhone.Build.0 = Debug|Any CPU
		{BCDCF8BE-B38D-43E5-B996-ECD6CED7F27B}.Ad-Hoc|iPhone.Deploy.0 = Debug|Any CPU
		{BCDCF8BE-B38D-43E5-B996-ECD6CED7F27B}.Ad-Hoc|iPhoneSimulator.ActiveCfg = Debug|Any CPU
		{BCDCF8BE-B38D-43E5-B996-ECD6CED7F27B}.Ad-Hoc|iPhoneSimulator.Build.0 = Debug|Any CPU
		{BCDCF8BE-B38D-43E5-B996-ECD6CED7F27B}.Ad-Hoc|iPhoneSimulator.Deploy.0 = Debug|Any CPU
		{BCDCF8BE-B38D-43E5-B996-ECD6CED7F27B}.AppStore|Any CPU.ActiveCfg = Debug|Any CPU
		{BCDCF8BE-B38D-43E5-B996-ECD6CED7F27B}.AppStore|Any CPU.Build.0 = Debug|Any CPU
		{BCDCF8BE-B38D-43E5-B996-ECD6CED7F27B}.AppStore|Any CPU.Deploy.0 = Debug|Any CPU
		{BCDCF8BE-B38D-43E5-B996-ECD6CED7F27B}.AppStore|iPhone.ActiveCfg = Debug|Any CPU
		{BCDCF8BE-B38D-43E5-B996-ECD6CED7F27B}.AppStore|iPhone.Build.0 = Debug|Any CPU
		{BCDCF8BE-B38D-43E5-B996-ECD6CED7F27B}.AppStore|iPhone.Deploy.0 = Debug|Any CPU
		{BCDCF8BE-B38D-43E5-B996-ECD6CED7F27B}.AppStore|iPhoneSimulator.ActiveCfg = Debug|Any CPU
		{BCDCF8BE-B38D-43E5-B996-ECD6CED7F27B}.AppStore|iPhoneSimulator.Build.0 = Debug|Any CPU
		{BCDCF8BE-B38D-43E5-B996-ECD6CED7F27B}.AppStore|iPhoneSimulator.Deploy.0 = Debug|Any CPU
		{BCDCF8BE-B38D-43E5-B996-ECD6CED7F27B}.Debug|Any CPU.ActiveCfg = Debug|Any CPU
		{BCDCF8BE-B38D-43E5-B996-ECD6CED7F27B}.Debug|Any CPU.Build.0 = Debug|Any CPU
		{BCDCF8BE-B38D-43E5-B996-ECD6CED7F27B}.Debug|Any CPU.Deploy.0 = Debug|Any CPU
		{BCDCF8BE-B38D-43E5-B996-ECD6CED7F27B}.Debug|iPhone.ActiveCfg = Debug|Any CPU
		{BCDCF8BE-B38D-43E5-B996-ECD6CED7F27B}.Debug|iPhone.Build.0 = Debug|Any CPU
		{BCDCF8BE-B38D-43E5-B996-ECD6CED7F27B}.Debug|iPhone.Deploy.0 = Debug|Any CPU
		{BCDCF8BE-B38D-43E5-B996-ECD6CED7F27B}.Debug|iPhoneSimulator.ActiveCfg = Debug|Any CPU
		{BCDCF8BE-B38D-43E5-B996-ECD6CED7F27B}.Debug|iPhoneSimulator.Build.0 = Debug|Any CPU
		{BCDCF8BE-B38D-43E5-B996-ECD6CED7F27B}.Debug|iPhoneSimulator.Deploy.0 = Debug|Any CPU
		{BCDCF8BE-B38D-43E5-B996-ECD6CED7F27B}.Release|Any CPU.ActiveCfg = Release|Any CPU
		{BCDCF8BE-B38D-43E5-B996-ECD6CED7F27B}.Release|Any CPU.Build.0 = Release|Any CPU
		{BCDCF8BE-B38D-43E5-B996-ECD6CED7F27B}.Release|Any CPU.Deploy.0 = Release|Any CPU
		{BCDCF8BE-B38D-43E5-B996-ECD6CED7F27B}.Release|iPhone.ActiveCfg = Release|Any CPU
		{BCDCF8BE-B38D-43E5-B996-ECD6CED7F27B}.Release|iPhone.Build.0 = Release|Any CPU
		{BCDCF8BE-B38D-43E5-B996-ECD6CED7F27B}.Release|iPhone.Deploy.0 = Release|Any CPU
		{BCDCF8BE-B38D-43E5-B996-ECD6CED7F27B}.Release|iPhoneSimulator.ActiveCfg = Release|Any CPU
		{BCDCF8BE-B38D-43E5-B996-ECD6CED7F27B}.Release|iPhoneSimulator.Build.0 = Release|Any CPU
		{BCDCF8BE-B38D-43E5-B996-ECD6CED7F27B}.Release|iPhoneSimulator.Deploy.0 = Release|Any CPU
	EndGlobalSection
	GlobalSection(SolutionProperties) = preSolution
		HideSolutionNode = FALSE
	EndGlobalSection
	GlobalSection(ExtensibilityGlobals) = postSolution
		SolutionGuid = {F4AD753A-CED9-4283-9E0D-ABEF77576D0E}
	EndGlobalSection
EndGlobal
